
Microsoft Visual Studio Solution File, Format Version 12.00
# Visual Studio 15
VisualStudioVersion = 15.0.27428.2027
MinimumVisualStudioVersion = 10.0.40219.1
Project("{FAE04EC0-301F-11D3-BF4B-00C04F79EFBC}") = "sprez1", "sprez1\sprez1.csproj", "{108097B6-FFF3-4806-81D8-DC8AEBAA4363}"
EndProject
Global
	GlobalSection(SolutionConfigurationPlatforms) = preSolution
		Debug|Any CPU = Debug|Any CPU
		Release|Any CPU = Release|Any CPU
	EndGlobalSection
	GlobalSection(ProjectConfigurationPlatforms) = postSolution
		{108097B6-FFF3-4806-81D8-DC8AEBAA4363}.Debug|Any CPU.ActiveCfg = Debug|Any CPU
		{108097B6-FFF3-4806-81D8-DC8AEBAA4363}.Debug|Any CPU.Build.0 = Debug|Any CPU
		{108097B6-FFF3-4806-81D8-DC8AEBAA4363}.Release|Any CPU.ActiveCfg = Release|Any CPU
		{108097B6-FFF3-4806-81D8-DC8AEBAA4363}.Release|Any CPU.Build.0 = Release|Any CPU
	EndGlobalSection
	GlobalSection(SolutionProperties) = preSolution
		HideSolutionNode = FALSE
	EndGlobalSection
	GlobalSection(ExtensibilityGlobals) = postSolution
		SolutionGuid = {8D263E24-DE19-4867-B112-189792356FB0}
	EndGlobalSection
EndGlobal
